// !$*UTF8*$!
{
	archiveVersion = 1;
	classes = {
	};
	objectVersion = 46;
	objects = {

/* Begin PBXBuildFile section */
		778739941964C03600356281 /* AppDelegate.swift in Sources */ = {isa = PBXBuildFile; fileRef = 778739931964C03600356281 /* AppDelegate.swift */; };
		778739961964C03600356281 /* ViewController.swift in Sources */ = {isa = PBXBuildFile; fileRef = 778739951964C03600356281 /* ViewController.swift */; };
		778739991964C03600356281 /* Main.storyboard in Resources */ = {isa = PBXBuildFile; fileRef = 778739971964C03600356281 /* Main.storyboard */; };
		7787399B1964C03600356281 /* Images.xcassets in Resources */ = {isa = PBXBuildFile; fileRef = 7787399A1964C03600356281 /* Images.xcassets */; };
		778739A71964C03600356281 /* CoreMotionSpikeTests.swift in Sources */ = {isa = PBXBuildFile; fileRef = 778739A61964C03600356281 /* CoreMotionSpikeTests.swift */; };
/* End PBXBuildFile section */

/* Begin PBXContainerItemProxy section */
		778739A11964C03600356281 /* PBXContainerItemProxy */ = {
			isa = PBXContainerItemProxy;
			containerPortal = 778739861964C03600356281 /* Project object */;
			proxyType = 1;
			remoteGlobalIDString = 7787398D1964C03600356281;
			remoteInfo = CoreMotionSpike;
		};
/* End PBXContainerItemProxy section */

/* Begin PBXFileReference section */
		7787398E1964C03600356281 /* CoreMotionSpike.app */ = {isa = PBXFileReference; explicitFileType = wrapper.application; includeInIndex = 0; path = CoreMotionSpike.app; sourceTree = BUILT_PRODUCTS_DIR; };
		778739921964C03600356281 /* Info.plist */ = {isa = PBXFileReference; lastKnownFileType = text.plist.xml; path = Info.plist; sourceTree = "<group>"; };
		778739931964C03600356281 /* AppDelegate.swift */ = {isa = PBXFileReference; lastKnownFileType = sourcecode.swift; path = AppDelegate.swift; sourceTree = "<group>"; };
		778739951964C03600356281 /* ViewController.swift */ = {isa = PBXFileReference; lastKnownFileType = sourcecode.swift; path = ViewController.swift; sourceTree = "<group>"; };
		778739981964C03600356281 /* Base */ = {isa = PBXFileReference; lastKnownFileType = file.storyboard; name = Base; path = Base.lproj/Main.storyboard; sourceTree = "<group>"; };
		7787399A1964C03600356281 /* Images.xcassets */ = {isa = PBXFileReference; lastKnownFileType = folder.assetcatalog; path = Images.xcassets; sourceTree = "<group>"; };
		778739A01964C03600356281 /* CoreMotionSpikeTests.xctest */ = {isa = PBXFileReference; explicitFileType = wrapper.cfbundle; includeInIndex = 0; path = CoreMotionSpikeTests.xctest; sourceTree = BUILT_PRODUCTS_DIR; };
		778739A51964C03600356281 /* Info.plist */ = {isa = PBXFileReference; lastKnownFileType = text.plist.xml; path = Info.plist; sourceTree = "<group>"; };
		778739A61964C03600356281 /* CoreMotionSpikeTests.swift */ = {isa = PBXFileReference; lastKnownFileType = sourcecode.swift; path = CoreMotionSpikeTests.swift; sourceTree = "<group>"; };
/* End PBXFileReference section */

/* Begin PBXFrameworksBuildPhase section */
		7787398B1964C03600356281 /* Frameworks */ = {
			isa = PBXFrameworksBuildPhase;
			buildActionMask = 2147483647;
			files = (
			);
			runOnlyForDeploymentPostprocessing = 0;
		};
		7787399D1964C03600356281 /* Frameworks */ = {
			isa = PBXFrameworksBuildPhase;
			buildActionMask = 2147483647;
			files = (
			);
			runOnlyForDeploymentPostprocessing = 0;
		};
/* End PBXFrameworksBuildPhase section */

/* Begin PBXGroup section */
		778739851964C03600356281 = {
			isa = PBXGroup;
			children = (
				778739901964C03600356281 /* CoreMotionSpike */,
				778739A31964C03600356281 /* CoreMotionSpikeTests */,
				7787398F1964C03600356281 /* Products */,
			);
			sourceTree = "<group>";
		};
		7787398F1964C03600356281 /* Products */ = {
			isa = PBXGroup;
			children = (
				7787398E1964C03600356281 /* CoreMotionSpike.app */,
				778739A01964C03600356281 /* CoreMotionSpikeTests.xctest */,
			);
			name = Products;
			sourceTree = "<group>";
		};
		778739901964C03600356281 /* CoreMotionSpike */ = {
			isa = PBXGroup;
			children = (
				778739931964C03600356281 /* AppDelegate.swift */,
				778739951964C03600356281 /* ViewController.swift */,
				778739971964C03600356281 /* Main.storyboard */,
				7787399A1964C03600356281 /* Images.xcassets */,
				778739911964C03600356281 /* Supporting Files */,
			);
			path = CoreMotionSpike;
			sourceTree = "<group>";
		};
		778739911964C03600356281 /* Supporting Files */ = {
			isa = PBXGroup;
			children = (
				778739921964C03600356281 /* Info.plist */,
			);
			name = "Supporting Files";
			sourceTree = "<group>";
		};
		778739A31964C03600356281 /* CoreMotionSpikeTests */ = {
			isa = PBXGroup;
			children = (
				778739A61964C03600356281 /* CoreMotionSpikeTests.swift */,
				778739A41964C03600356281 /* Supporting Files */,
			);
			path = CoreMotionSpikeTests;
			sourceTree = "<group>";
		};
		778739A41964C03600356281 /* Supporting Files */ = {
			isa = PBXGroup;
			children = (
				778739A51964C03600356281 /* Info.plist */,
			);
			name = "Supporting Files";
			sourceTree = "<group>";
		};
/* End PBXGroup section */

/* Begin PBXNativeTarget section */
		7787398D1964C03600356281 /* CoreMotionSpike */ = {
			isa = PBXNativeTarget;
			buildConfigurationList = 778739AA1964C03600356281 /* Build configuration list for PBXNativeTarget "CoreMotionSpike" */;
			buildPhases = (
				7787398A1964C03600356281 /* Sources */,
				7787398B1964C03600356281 /* Frameworks */,
				7787398C1964C03600356281 /* Resources */,
			);
			buildRules = (
			);
			dependencies = (
			);
			name = CoreMotionSpike;
			productName = CoreMotionSpike;
			productReference = 7787398E1964C03600356281 /* CoreMotionSpike.app */;
			productType = "com.apple.product-type.application";
		};
		7787399F1964C03600356281 /* CoreMotionSpikeTests */ = {
			isa = PBXNativeTarget;
			buildConfigurationList = 778739AD1964C03600356281 /* Build configuration list for PBXNativeTarget "CoreMotionSpikeTests" */;
			buildPhases = (
				7787399C1964C03600356281 /* Sources */,
				7787399D1964C03600356281 /* Frameworks */,
				7787399E1964C03600356281 /* Resources */,
			);
			buildRules = (
			);
			dependencies = (
				778739A21964C03600356281 /* PBXTargetDependency */,
			);
			name = CoreMotionSpikeTests;
			productName = CoreMotionSpikeTests;
			productReference = 778739A01964C03600356281 /* CoreMotionSpikeTests.xctest */;
			productType = "com.apple.product-type.bundle.unit-test";
		};
/* End PBXNativeTarget section */

/* Begin PBXProject section */
		778739861964C03600356281 /* Project object */ = {
			isa = PBXProject;
			attributes = {
				LastUpgradeCheck = 0600;
				ORGANIZATIONNAME = XD;
				TargetAttributes = {
					7787398D1964C03600356281 = {
						CreatedOnToolsVersion = 6.0;
					};
					7787399F1964C03600356281 = {
						CreatedOnToolsVersion = 6.0;
						TestTargetID = 7787398D1964C03600356281;
					};
				};
			};
			buildConfigurationList = 778739891964C03600356281 /* Build configuration list for PBXProject "CoreMotionSpike" */;
			compatibilityVersion = "Xcode 3.2";
			developmentRegion = English;
			hasScannedForEncodings = 0;
			knownRegions = (
				en,
				Base,
			);
			mainGroup = 778739851964C03600356281;
			productRefGroup = 7787398F1964C03600356281 /* Products */;
			projectDirPath = "";
			projectRoot = "";
			targets = (
				7787398D1964C03600356281 /* CoreMotionSpike */,
				7787399F1964C03600356281 /* CoreMotionSpikeTests */,
			);
		};
/* End PBXProject section */

/* Begin PBXResourcesBuildPhase section */
		7787398C1964C03600356281 /* Resources */ = {
			isa = PBXResourcesBuildPhase;
			buildActionMask = 2147483647;
			files = (
				778739991964C03600356281 /* Main.storyboard in Resources */,
				7787399B1964C03600356281 /* Images.xcassets in Resources */,
			);
			runOnlyForDeploymentPostprocessing = 0;
		};
		7787399E1964C03600356281 /* Resources */ = {
			isa = PBXResourcesBuildPhase;
			buildActionMask = 2147483647;
			files = (
			);
			runOnlyForDeploymentPostprocessing = 0;
		};
/* End PBXResourcesBuildPhase section */

/* Begin PBXSourcesBuildPhase section */
		7787398A1964C03600356281 /* Sources */ = {
			isa = PBXSourcesBuildPhase;
			buildActionMask = 2147483647;
			files = (
				778739961964C03600356281 /* ViewController.swift in Sources */,
				778739941964C03600356281 /* AppDelegate.swift in Sources */,
			);
			runOnlyForDeploymentPostprocessing = 0;
		};
		7787399C1964C03600356281 /* Sources */ = {
			isa = PBXSourcesBuildPhase;
			buildActionMask = 2147483647;
			files = (
				778739A71964C03600356281 /* CoreMotionSpikeTests.swift in Sources */,
			);
			runOnlyForDeploymentPostprocessing = 0;
		};
/* End PBXSourcesBuildPhase section */

/* Begin PBXTargetDependency section */
		778739A21964C03600356281 /* PBXTargetDependency */ = {
			isa = PBXTargetDependency;
			target = 7787398D1964C03600356281 /* CoreMotionSpike */;
			targetProxy = 778739A11964C03600356281 /* PBXContainerItemProxy */;
		};
/* End PBXTargetDependency section */

/* Begin PBXVariantGroup section */
		778739971964C03600356281 /* Main.storyboard */ = {
			isa = PBXVariantGroup;
			children = (
				778739981964C03600356281 /* Base */,
			);
			name = Main.storyboard;
			sourceTree = "<group>";
		};
/* End PBXVariantGroup section */

/* Begin XCBuildConfiguration section */
		778739A81964C03600356281 /* Debug */ = {
			isa = XCBuildConfiguration;
			buildSettings = {
				ALWAYS_SEARCH_USER_PATHS = NO;
				CLANG_CXX_LANGUAGE_STANDARD = "gnu++0x";
				CLANG_CXX_LIBRARY = "libc++";
				CLANG_ENABLE_MODULES = YES;
				CLANG_ENABLE_OBJC_ARC = YES;
				CLANG_WARN_BOOL_CONVERSION = YES;
				CLANG_WARN_CONSTANT_CONVERSION = YES;
				CLANG_WARN_DIRECT_OBJC_ISA_USAGE = YES_ERROR;
				CLANG_WARN_EMPTY_BODY = YES;
				CLANG_WARN_ENUM_CONVERSION = YES;
				CLANG_WARN_INT_CONVERSION = YES;
				CLANG_WARN_OBJC_ROOT_CLASS = YES_ERROR;
				CLANG_WARN_UNREACHABLE_CODE = YES;
				CLANG_WARN__DUPLICATE_METHOD_MATCH = YES;
				"CODE_SIGN_IDENTITY[sdk=iphoneos*]" = "iPhone Developer";
				COPY_PHASE_STRIP = NO;
				ENABLE_STRICT_OBJC_MSGSEND = YES;
				GCC_C_LANGUAGE_STANDARD = gnu99;
				GCC_DYNAMIC_NO_PIC = NO;
				GCC_OPTIMIZATION_LEVEL = 0;
				GCC_PREPROCESSOR_DEFINITIONS = (
					"DEBUG=1",
					"$(inherited)",
				);
				GCC_SYMBOLS_PRIVATE_EXTERN = NO;
				GCC_WARN_64_TO_32_BIT_CONVERSION = YES;
				GCC_WARN_ABOUT_RETURN_TYPE = YES_ERROR;
				GCC_WARN_UNDECLARED_SELECTOR = YES;
				GCC_WARN_UNINITIALIZED_AUTOS = YES_AGGRESSIVE;
				GCC_WARN_UNUSED_FUNCTION = YES;
				GCC_WARN_UNUSED_VARIABLE = YES;
				IPHONEOS_DEPLOYMENT_TARGET = 8.0;
				METAL_ENABLE_DEBUG_INFO = YES;
				ONLY_ACTIVE_ARCH = YES;
				SDKROOT = iphoneos;
				SWIFT_OPTIMIZATION_LEVEL = "-Onone";
			};
			name = Debug;
		};
		778739A91964C03600356281 /* Release */ = {
			isa = XCBuildConfiguration;
			buildSettings = {
				ALWAYS_SEARCH_USER_PATHS = NO;
				CLANG_CXX_LANGUAGE_STANDARD = "gnu++0x";
				CLANG_CXX_LIBRARY = "libc++";
				CLANG_ENABLE_MODULES = YES;
				CLANG_ENABLE_OBJC_ARC = YES;
				CLANG_WARN_BOOL_CONVERSION = YES;
				CLANG_WARN_CONSTANT_CONVERSION = YES;
				CLANG_WARN_DIRECT_OBJC_ISA_USAGE = YES_ERROR;
				CLANG_WARN_EMPTY_BODY = YES;
				CLANG_WARN_ENUM_CONVERSION = YES;
				CLANG_WARN_INT_CONVERSION = YES;
				CLANG_WARN_OBJC_ROOT_CLASS = YES_ERROR;
				CLANG_WARN_UNREACHABLE_CODE = YES;
				CLANG_WARN__DUPLICATE_METHOD_MATCH = YES;
				"CODE_SIGN_IDENTITY[sdk=iphoneos*]" = "iPhone Developer";
				COPY_PHASE_STRIP = YES;
				ENABLE_NS_ASSERTIONS = NO;
				ENABLE_STRICT_OBJC_MSGSEND = YES;
				GCC_C_LANGUAGE_STANDARD = gnu99;
				GCC_WARN_64_TO_32_BIT_CONVERSION = YES;
				GCC_WARN_ABOUT_RETURN_TYPE = YES_ERROR;
				GCC_WARN_UNDECLARED_SELECTOR = YES;
				GCC_WARN_UNINITIALIZED_AUTOS = YES_AGGRESSIVE;
				GCC_WARN_UNUSED_FUNCTION = YES;
				GCC_WARN_UNUSED_VARIABLE = YES;
				IPHONEOS_DEPLOYMENT_TARGET = 8.0;
				METAL_ENABLE_DEBUG_INFO = NO;
				SDKROOT = iphoneos;
				VALIDATE_PRODUCT = YES;
			};
			name = Release;
		};
		778739AB1964C03600356281 /* Debug */ = {
			isa = XCBuildConfiguration;
			buildSettings = {
				ASSETCATALOG_COMPILER_APPICON_NAME = AppIcon;
				ASSETCATALOG_COMPILER_LAUNCHIMAGE_NAME = LaunchImage;
				INFOPLIST_FILE = CoreMotionSpike/Info.plist;
				LD_RUNPATH_SEARCH_PATHS = "$(inherited) @executable_path/Frameworks";
				PRODUCT_NAME = "$(TARGET_NAME)";
			};
			name = Debug;
		};
		778739AC1964C03600356281 /* Release */ = {
			isa = XCBuildConfiguration;
			buildSettings = {
				ASSETCATALOG_COMPILER_APPICON_NAME = AppIcon;
				ASSETCATALOG_COMPILER_LAUNCHIMAGE_NAME = LaunchImage;
				INFOPLIST_FILE = CoreMotionSpike/Info.plist;
				LD_RUNPATH_SEARCH_PATHS = "$(inherited) @executable_path/Frameworks";
				PRODUCT_NAME = "$(TARGET_NAME)";
			};
			name = Release;
		};
		778739AE1964C03600356281 /* Debug */ = {
			isa = XCBuildConfiguration;
			buildSettings = {
				BUNDLE_LOADER = "$(BUILT_PRODUCTS_DIR)/CoreMotionSpike.app/CoreMotionSpike";
				FRAMEWORK_SEARCH_PATHS = (
					"$(SDKROOT)/Developer/Library/Frameworks",
					"$(inherited)",
				);
				GCC_PREPROCESSOR_DEFINITIONS = (
					"DEBUG=1",
					"$(inherited)",
				);
				INFOPLIST_FILE = CoreMotionSpikeTests/Info.plist;
				LD_RUNPATH_SEARCH_PATHS = "$(inherited) @executable_path/Frameworks @loader_path/Frameworks";
				METAL_ENABLE_DEBUG_INFO = YES;
				PRODUCT_NAME = "$(TARGET_NAME)";
				TEST_HOST = "$(BUNDLE_LOADER)";
			};
			name = Debug;
		};
		778739AF1964C03600356281 /* Release */ = {
			isa = XCBuildConfiguration;
			buildSettings = {
				BUNDLE_LOADER = "$(BUILT_PRODUCTS_DIR)/CoreMotionSpike.app/CoreMotionSpike";
				FRAMEWORK_SEARCH_PATHS = (
					"$(SDKROOT)/Developer/Library/Frameworks",
					"$(inherited)",
				);
				INFOPLIST_FILE = CoreMotionSpikeTests/Info.plist;
				LD_RUNPATH_SEARCH_PATHS = "$(inherited) @executable_path/Frameworks @loader_path/Frameworks";
				METAL_ENABLE_DEBUG_INFO = NO;
				PRODUCT_NAME = "$(TARGET_NAME)";
				TEST_HOST = "$(BUNDLE_LOADER)";
			};
			name = Release;
		};
/* End XCBuildConfiguration section */

/* Begin XCConfigurationList section */
		778739891964C03600356281 /* Build configuration list for PBXProject "CoreMotionSpike" */ = {
			isa = XCConfigurationList;
			buildConfigurations = (
				778739A81964C03600356281 /* Debug */,
				778739A91964C03600356281 /* Release */,
			);
			defaultConfigurationIsVisible = 0;
			defaultConfigurationName = Release;
		};
		778739AA1964C03600356281 /* Build configuration list for PBXNativeTarget "CoreMotionSpike" */ = {
			isa = XCConfigurationList;
			buildConfigurations = (
				778739AB1964C03600356281 /* Debug */,
				778739AC1964C03600356281 /* Release */,
			);
			defaultConfigurationIsVisible = 0;
		};
		778739AD1964C03600356281 /* Build configuration list for PBXNativeTarget "CoreMotionSpikeTests" */ = {
			isa = XCConfigurationList;
			buildConfigurations = (
				778739AE1964C03600356281 /* Debug */,
				778739AF1964C03600356281 /* Release */,
			);
			defaultConfigurationIsVisible = 0;
		};
/* End XCConfigurationList section */
	};
	rootObject = 778739861964C03600356281 /* Project object */;
}
